
Microsoft Visual Studio Solution File, Format Version 12.00
# Visual Studio Version 16
VisualStudioVersion = 16.0.30309.148
MinimumVisualStudioVersion = 10.0.40219.1
Project("{FAE04EC0-301F-11D3-BF4B-00C04F79EFBC}") = "MobileProvisionReader", "MobileProvisionReader\MobileProvisionReader.csproj", "{D212AFE2-33D5-43A6-920D-5ED34FD9FF61}"
EndProject
Global
	GlobalSection(SolutionConfigurationPlatforms) = preSolution
		Debug|Any CPU = Debug|Any CPU
		Release|Any CPU = Release|Any CPU
	EndGlobalSection
	GlobalSection(ProjectConfigurationPlatforms) = postSolution
		{D212AFE2-33D5-43A6-920D-5ED34FD9FF61}.Debug|Any CPU.ActiveCfg = Debug|Any CPU
		{D212AFE2-33D5-43A6-920D-5ED34FD9FF61}.Debug|Any CPU.Build.0 = Debug|Any CPU
		{D212AFE2-33D5-43A6-920D-5ED34FD9FF61}.Release|Any CPU.ActiveCfg = Release|Any CPU
		{D212AFE2-33D5-43A6-920D-5ED34FD9FF61}.Release|Any CPU.Build.0 = Release|Any CPU
	EndGlobalSection
	GlobalSection(SolutionProperties) = preSolution
		HideSolutionNode = FALSE
	EndGlobalSection
	GlobalSection(ExtensibilityGlobals) = postSolution
		SolutionGuid = {D8ECC341-4EE5-406D-8D02-5ECE378F37D8}
	EndGlobalSection
EndGlobal
